{
  "version": 4,
  "terraform_version": "1.6.6",
  "serial": 1,
  "lineage": "9ae14868-1e07-346a-cada-7c6715ad113c",
  "outputs": {},
  "resources": [
    {
      "mode": "managed",
      "type": "local_file",
      "name": "test",
      "provider": "provider[\"registry.terraform.io/hashicorp/local\"]",
      "instances": [
        {
          "schema_version": 0,
          "attributes": {
            "content": "training",
            "content_base64": null,
            "content_base64sha256": "wvt4jH3u2+qiluQk1MKSG4caT2y0zzk8HBEFZTqzmbQ=",
            "content_base64sha512": "GcH4lVH+Jre1kg7u0xs9rTiV/W3o9TtPJjOuUCJuYmnNjwEjjcL3jlRkeqFAm/UBbfQhVc03A+bpPV5Cdg5Qcw==",
            "content_md5": "c185ddac8b5a8f5aa23c5b80bc12d214",
            "content_sha1": "0a2b9827e548969e4dfe1b0d16c072ef347836d6",
            "content_sha256": "c2fb788c7deedbeaa296e424d4c2921b871a4f6cb4cf393c1c1105653ab399b4",
            "content_sha512": "19c1f89551fe26b7b5920eeed31b3dad3895fd6de8f53b4f2633ae50226e6269cd8f01238dc2f78e54647aa1409bf5016df42155cd3703e6e93d5e42760e5073",
            "directory_permission": "0777",
            "file_permission": "0777",
            "filename": "./file2.bar",
            "id": "0a2b9827e548969e4dfe1b0d16c072ef347836d6",
            "sensitive_content": null,
            "source": null
          },
          "sensitive_attributes": []
        }
      ]
    }
  ],
  "check_results": null
}
