{
  "version": 4,
  "terraform_version": "1.6.6",
  "serial": 1,
  "lineage": "f8ff3bb1-4ad5-655e-3e2f-7a88d3f48fb6",
  "outputs": {},
  "resources": [
    {
      "mode": "managed",
      "type": "local_file",
      "name": "test",
      "provider": "provider[\"registry.terraform.io/hashicorp/local\"]",
      "instances": [
        {
          "schema_version": 0,
          "attributes": {
            "content": "50",
            "content_base64": null,
            "content_base64sha256": "GmViWQ7xnRBF0GxAVXQtOCiOnm3NcczeXO6A8dWndOs=",
            "content_base64sha512": "5isB6El6trfYlDJZniGATsoni7SpxLbvX3uuAL1eRa5sjPOhi3Qpb5qOac0vQWqPQe6yEo9OKA7PQ4/+9iROFA==",
            "content_md5": "c0c7c76d30bd3dcaefc96f40275bdc0a",
            "content_sha1": "e1822db470e60d090affd0956d743cb0e7cdf113",
            "content_sha256": "1a6562590ef19d1045d06c4055742d38288e9e6dcd71ccde5cee80f1d5a774eb",
            "content_sha512": "e62b01e8497ab6b7d89432599e21804eca278bb4a9c4b6ef5f7bae00bd5e45ae6c8cf3a18b74296f9a8e69cd2f416a8f41eeb2128f4e280ecf438ffef6244e14",
            "directory_permission": "0777",
            "file_permission": "0777",
            "filename": "./file3.bar",
            "id": "e1822db470e60d090affd0956d743cb0e7cdf113",
            "sensitive_content": null,
            "source": null
          },
          "sensitive_attributes": []
        }
      ]
    }
  ],
  "check_results": null
}
