{
  "version": 4,
  "terraform_version": "1.6.6",
  "serial": 34,
  "lineage": "55bf4198-7f82-7062-3cdd-e22ad15a9651",
  "outputs": {
    "new_max": {
      "value": 1134,
      "type": "number"
    },
    "new_out": {
      "value": "dDBtyVMHH0U",
      "type": "string"
    }
  },
  "resources": [
    {
      "mode": "managed",
      "type": "local_file",
      "name": "test",
      "provider": "provider[\"registry.terraform.io/hashicorp/local\"]",
      "instances": [
        {
          "schema_version": 0,
          "attributes": {
            "content": "This is my content",
            "content_base64": null,
            "content_base64sha256": "7jAoKaJp1dtLEBiLLQBuTIu2ObJdc7kts5ROxfrd1A0=",
            "content_base64sha512": "L1+hYiYoX18zYhpZ1UlahLCwHMAaCGIcVOwKkxgp/3rpk1Meu2vIi8NGlOeritirKRyHKS5XR0Cn71iUzIa+jg==",
            "content_md5": "7c5065bbc5f6050d393c481710ccbbd2",
            "content_sha1": "d06ec7806179f235cf9dd639148358d480e5cc54",
            "content_sha256": "ee302829a269d5db4b10188b2d006e4c8bb639b25d73b92db3944ec5faddd40d",
            "content_sha512": "2f5fa16226285f5f33621a59d5495a84b0b01cc01a08621c54ec0a931829ff7ae993531ebb6bc88bc34694e7ab8ad8ab291c87292e574740a7ef5894cc86be8e",
            "directory_permission": "0777",
            "file_permission": "0777",
            "filename": "./file1.bar",
            "id": "d06ec7806179f235cf9dd639148358d480e5cc54",
            "sensitive_content": null,
            "source": null
          },
          "sensitive_attributes": []
        }
      ]
    },
    {
      "mode": "managed",
      "type": "random_bytes",
      "name": "jwt_secret",
      "provider": "provider[\"registry.terraform.io/hashicorp/random\"]",
      "instances": [
        {
          "schema_version": 0,
          "attributes": {
            "base64": "16aSclaWLdcP09T8nGKiZGWyJWR1bzAYNqJyYQN3DtrFZklhQaC5lwYBgVPJQyeeuv9h4++NBVrjmwAYdIDm3w==",
            "hex": "d7a6927256962dd70fd3d4fc9c62a26465b22564756f301836a2726103770edac566496141a0b99706018153c943279ebaff61e3ef8d055ae39b00187480e6df",
            "keepers": null,
            "length": 64
          },
          "sensitive_attributes": []
        }
      ]
    },
    {
      "mode": "managed",
      "type": "random_id",
      "name": "server",
      "provider": "provider[\"registry.terraform.io/hashicorp/random\"]",
      "instances": [
        {
          "schema_version": 0,
          "attributes": {
            "b64_std": "dDBtyVMHH0U=",
            "b64_url": "dDBtyVMHH0U",
            "byte_length": 8,
            "dec": "8372312418730581829",
            "hex": "74306dc953071f45",
            "id": "dDBtyVMHH0U",
            "keepers": {
              "new_id": "55"
            },
            "prefix": null
          },
          "sensitive_attributes": []
        }
      ]
    },
    {
      "mode": "managed",
      "type": "random_integer",
      "name": "priority",
      "provider": "provider[\"registry.terraform.io/hashicorp/random\"]",
      "instances": [
        {
          "schema_version": 0,
          "attributes": {
            "id": "861",
            "keepers": {},
            "max": 1134,
            "min": 1,
            "result": 861,
            "seed": null
          },
          "sensitive_attributes": []
        }
      ]
    }
  ],
  "check_results": null
}
